
Microsoft Visual Studio Solution File, Format Version 12.00
# Visual Studio Version 16
VisualStudioVersion = 16.0.31205.134
MinimumVisualStudioVersion = 10.0.40219.1
Project("{9A19103F-16F7-4668-BE54-9A1E7A4F7556}") = "SwappingNumber", "PermutationNumber\SwappingNumber.csproj", "{D2AD364D-1BF0-4831-B6CB-3D3DAA73C82C}"
EndProject
Global
	GlobalSection(SolutionConfigurationPlatforms) = preSolution
		Debug|Any CPU = Debug|Any CPU
		Release|Any CPU = Release|Any CPU
	EndGlobalSection
	GlobalSection(ProjectConfigurationPlatforms) = postSolution
		{D2AD364D-1BF0-4831-B6CB-3D3DAA73C82C}.Debug|Any CPU.ActiveCfg = Debug|Any CPU
		{D2AD364D-1BF0-4831-B6CB-3D3DAA73C82C}.Debug|Any CPU.Build.0 = Debug|Any CPU
		{D2AD364D-1BF0-4831-B6CB-3D3DAA73C82C}.Release|Any CPU.ActiveCfg = Release|Any CPU
		{D2AD364D-1BF0-4831-B6CB-3D3DAA73C82C}.Release|Any CPU.Build.0 = Release|Any CPU
	EndGlobalSection
	GlobalSection(SolutionProperties) = preSolution
		HideSolutionNode = FALSE
	EndGlobalSection
	GlobalSection(ExtensibilityGlobals) = postSolution
		SolutionGuid = {AB82B582-69DC-4D13-9BB9-58E70AAFE9A5}
	EndGlobalSection
EndGlobal
